
Microsoft Visual Studio Solution File, Format Version 12.00
# Visual Studio Version 17
VisualStudioVersion = 17.4.33122.133
MinimumVisualStudioVersion = 10.0.40219.1
Project("{9A19103F-16F7-4668-BE54-9A1E7A4F7556}") = "App", "App.csproj", "{AA070F47-9622-4606-BF1D-3B9A1E287B0C}"
EndProject
Project("{9A19103F-16F7-4668-BE54-9A1E7A4F7556}") = "RestApis", "..\RestApis\RestApis.csproj", "{0C93E6B8-8CD5-40B2-B3DE-E0EEDA6DAF24}"
EndProject
Project("{FAE04EC0-301F-11D3-BF4B-00C04F79EFBC}") = "App.Tests", "..\AppTest\App.Tests.csproj", "{D504E6EB-506F-4449-B454-FB38588D65AF}"
EndProject
Global
	GlobalSection(SolutionConfigurationPlatforms) = preSolution
		Debug|Any CPU = Debug|Any CPU
		Release|Any CPU = Release|Any CPU
	EndGlobalSection
	GlobalSection(ProjectConfigurationPlatforms) = postSolution
		{AA070F47-9622-4606-BF1D-3B9A1E287B0C}.Debug|Any CPU.ActiveCfg = Debug|Any CPU
		{AA070F47-9622-4606-BF1D-3B9A1E287B0C}.Debug|Any CPU.Build.0 = Debug|Any CPU
		{AA070F47-9622-4606-BF1D-3B9A1E287B0C}.Release|Any CPU.ActiveCfg = Release|Any CPU
		{AA070F47-9622-4606-BF1D-3B9A1E287B0C}.Release|Any CPU.Build.0 = Release|Any CPU
		{0C93E6B8-8CD5-40B2-B3DE-E0EEDA6DAF24}.Debug|Any CPU.ActiveCfg = Debug|Any CPU
		{0C93E6B8-8CD5-40B2-B3DE-E0EEDA6DAF24}.Debug|Any CPU.Build.0 = Debug|Any CPU
		{0C93E6B8-8CD5-40B2-B3DE-E0EEDA6DAF24}.Release|Any CPU.ActiveCfg = Release|Any CPU
		{0C93E6B8-8CD5-40B2-B3DE-E0EEDA6DAF24}.Release|Any CPU.Build.0 = Release|Any CPU
		{D504E6EB-506F-4449-B454-FB38588D65AF}.Debug|Any CPU.ActiveCfg = Debug|Any CPU
		{D504E6EB-506F-4449-B454-FB38588D65AF}.Debug|Any CPU.Build.0 = Debug|Any CPU
		{D504E6EB-506F-4449-B454-FB38588D65AF}.Release|Any CPU.ActiveCfg = Release|Any CPU
		{D504E6EB-506F-4449-B454-FB38588D65AF}.Release|Any CPU.Build.0 = Release|Any CPU
	EndGlobalSection
	GlobalSection(SolutionProperties) = preSolution
		HideSolutionNode = FALSE
	EndGlobalSection
	GlobalSection(ExtensibilityGlobals) = postSolution
		SolutionGuid = {22A166DF-5657-403E-8224-B4CFFCBDED8A}
	EndGlobalSection
EndGlobal
